
Microsoft Visual Studio Solution File, Format Version 12.00
# Visual Studio Version 17
VisualStudioVersion = 17.12.35527.113 d17.12
MinimumVisualStudioVersion = 10.0.40219.1
Project("{FAE04EC0-301F-11D3-BF4B-00C04F79EFBC}") = "AutoService", "AutoService\AutoService.csproj", "{EFCBA236-F1DA-4230-A5A0-756320731DEB}"
EndProject
Global
	GlobalSection(SolutionConfigurationPlatforms) = preSolution
		Debug|Any CPU = Debug|Any CPU
		Release|Any CPU = Release|Any CPU
	EndGlobalSection
	GlobalSection(ProjectConfigurationPlatforms) = postSolution
		{EFCBA236-F1DA-4230-A5A0-756320731DEB}.Debug|Any CPU.ActiveCfg = Debug|Any CPU
		{EFCBA236-F1DA-4230-A5A0-756320731DEB}.Debug|Any CPU.Build.0 = Debug|Any CPU
		{EFCBA236-F1DA-4230-A5A0-756320731DEB}.Release|Any CPU.ActiveCfg = Release|Any CPU
		{EFCBA236-F1DA-4230-A5A0-756320731DEB}.Release|Any CPU.Build.0 = Release|Any CPU
	EndGlobalSection
	GlobalSection(SolutionProperties) = preSolution
		HideSolutionNode = FALSE
	EndGlobalSection
EndGlobal
